
Microsoft Visual Studio Solution File, Format Version 12.00
# Visual Studio Version 17
VisualStudioVersion = 17.4.33213.308
MinimumVisualStudioVersion = 10.0.40219.1
Project("{FAE04EC0-301F-11D3-BF4B-00C04F79EFBC}") = "ConsoleMonGame", "ConsoleMonGame.csproj", "{F48F2B91-257B-485D-9D63-78E277269621}"
EndProject
Global
	GlobalSection(SolutionConfigurationPlatforms) = preSolution
		Debug|Any CPU = Debug|Any CPU
		Release|Any CPU = Release|Any CPU
	EndGlobalSection
	GlobalSection(ProjectConfigurationPlatforms) = postSolution
		{F48F2B91-257B-485D-9D63-78E277269621}.Debug|Any CPU.ActiveCfg = Debug|Any CPU
		{F48F2B91-257B-485D-9D63-78E277269621}.Debug|Any CPU.Build.0 = Debug|Any CPU
		{F48F2B91-257B-485D-9D63-78E277269621}.Release|Any CPU.ActiveCfg = Release|Any CPU
		{F48F2B91-257B-485D-9D63-78E277269621}.Release|Any CPU.Build.0 = Release|Any CPU
	EndGlobalSection
	GlobalSection(SolutionProperties) = preSolution
		HideSolutionNode = FALSE
	EndGlobalSection
	GlobalSection(ExtensibilityGlobals) = postSolution
		SolutionGuid = {9AAC1DAC-4649-4C69-B886-9AE29961EEB5}
	EndGlobalSection
EndGlobal
